{
  "object": {
    "pins": [
      {
        "package": "Alamofire",
        "repositoryURL": "https://github.com/Alamofire/Alamofire.git",
        "state": {
          "branch": null,
          "revision": "3dc6a42c7727c49bf26508e29b0a0b35f9c7e1ad",
          "version": "5.8.1"
        }
      },
      {
        "package": "Fuzi",
        "repositoryURL": "https://github.com/TheBLVD/Fuzi.git",
        "state": {
          "branch": null,
          "revision": "61871bcbab3114ec723ee67af93a23a4c0c4b42a",
          "version": "3.1.4"
        }
      },
      {
        "package": "SDWebImage",
        "repositoryURL": "https://github.com/SDWebImage/SDWebImage.git",
        "state": {
          "branch": null,
          "revision": "fd010e54231331fc19338f81c6d072cd9ace2825",
          "version": "5.18.8"
        }
      },
      {
        "package": "SwiftSoup",
        "repositoryURL": "https://github.com/scinfu/SwiftSoup.git",
        "state": {
          "branch": null,
          "revision": "f83c097597094a04124eb6e0d1e894d24129af87",
          "version": "2.7.0"
        }
      }
    ]
  },
  "version": 1
}
